
Microsoft Visual Studio Solution File, Format Version 12.00
# Visual Studio 15
VisualStudioVersion = 15.0.27428.2043
MinimumVisualStudioVersion = 10.0.40219.1
Project("{2150E333-8FDC-42A3-9474-1A3956D46DE8}") = "1_Common", "1_Common", "{E04A3D23-7FF0-4C30-8232-0B9987DCB200}"
EndProject
Project("{9A19103F-16F7-4668-BE54-9A1E7A4F7556}") = "KC.FileMan.Common.General", "1_Common\KC.FileMan.Common.General\KC.FileMan.Common.General.csproj", "{B0B4EC07-2D15-4836-8517-E155B904C7BD}"
EndProject
Project("{2150E333-8FDC-42A3-9474-1A3956D46DE8}") = "2_Domain", "2_Domain", "{3E385654-74CE-4F5F-B1CD-15783D3501F3}"
EndProject
Project("{9A19103F-16F7-4668-BE54-9A1E7A4F7556}") = "KC.FileMan.Domain", "2_Domain\KC.FileMan.Domain\KC.FileMan.Domain.csproj", "{21D630D8-8107-439D-8533-84870F88DD35}"
EndProject
Project("{2150E333-8FDC-42A3-9474-1A3956D46DE8}") = "3_Infrastructure", "3_Infrastructure", "{95CB3285-7B9F-465A-855E-37DB4435B114}"
EndProject
Project("{9A19103F-16F7-4668-BE54-9A1E7A4F7556}") = "KC.FileMan.IRepository", "2_Domain\KC.FileMan.IRepository\KC.FileMan.IRepository.csproj", "{BCACAE63-7A2F-4A64-B0AF-441D5EE7CA9E}"
EndProject
Project("{9A19103F-16F7-4668-BE54-9A1E7A4F7556}") = "KC.FileMan.Repository", "3_Infrastructure\KC.FileMan.Repository\KC.FileMan.Repository.csproj", "{11FF9ACA-9F80-4BB0-B70B-D0C96534DF3B}"
EndProject
Project("{2150E333-8FDC-42A3-9474-1A3956D46DE8}") = "4_Application", "4_Application", "{175D9575-DC7A-4001-A9D8-F482E3B879DE}"
EndProject
Project("{9A19103F-16F7-4668-BE54-9A1E7A4F7556}") = "KC.FileMan.IApplication", "4_Application\KC.FileMan.IApplication\KC.FileMan.IApplication.csproj", "{869D3DD3-4DB0-4FE7-B7AE-6A8D4A177265}"
EndProject
Project("{9A19103F-16F7-4668-BE54-9A1E7A4F7556}") = "KC.FileMan.Application", "4_Application\KC.FileMan.Application\KC.FileMan.Application.csproj", "{FA1C37EE-22EC-4E9D-8B0C-4AC54383284F}"
EndProject
Project("{2150E333-8FDC-42A3-9474-1A3956D46DE8}") = "5_Web", "5_Web", "{4BE44250-3484-4285-B65C-A9276AAE57B8}"
EndProject
Project("{9A19103F-16F7-4668-BE54-9A1E7A4F7556}") = "KC.FileMan.Web", "5_Web\KC.FileMan.Web\KC.FileMan.Web.csproj", "{CE6E8151-1213-41C1-A42B-979E4F932521}"
EndProject
Project("{9A19103F-16F7-4668-BE54-9A1E7A4F7556}") = "KC.FileMan.Web.Controllers", "5_Web\KC.FileMan.Web.Controllers\KC.FileMan.Web.Controllers.csproj", "{2E16C519-6238-43C4-B6B2-1E1F682F89F3}"
EndProject
Project("{9A19103F-16F7-4668-BE54-9A1E7A4F7556}") = "KC.FileMan.Infrastructure", "3_Infrastructure\KC.FileMan.Infrastructure\KC.FileMan.Infrastructure.csproj", "{39310056-2DB6-40C4-AB32-05457A12D127}"
EndProject
Project("{9A19103F-16F7-4668-BE54-9A1E7A4F7556}") = "KC.FileMan.Web.ViewModels", "5_Web\KC.FileMan.Web.ViewModels\KC.FileMan.Web.ViewModels.csproj", "{68CDEB27-B87C-44C0-96E9-952E2C91D547}"
EndProject
Project("{2150E333-8FDC-42A3-9474-1A3956D46DE8}") = "6_WebApi", "6_WebApi", "{CD4F864B-B978-4802-BECA-F36032D3E3A1}"
EndProject
Project("{FAE04EC0-301F-11D3-BF4B-00C04F79EFBC}") = "KC.FileMan.WebApi", "6_WebApi\KC.FileMan.WebApi\KC.FileMan.WebApi.csproj", "{D87E0D1C-6FC3-4068-9228-F7ADFA6073C5}"
EndProject
Global
	GlobalSection(SolutionConfigurationPlatforms) = preSolution
		Debug|Any CPU = Debug|Any CPU
		Release|Any CPU = Release|Any CPU
	EndGlobalSection
	GlobalSection(ProjectConfigurationPlatforms) = postSolution
		{B0B4EC07-2D15-4836-8517-E155B904C7BD}.Debug|Any CPU.ActiveCfg = Debug|Any CPU
		{B0B4EC07-2D15-4836-8517-E155B904C7BD}.Debug|Any CPU.Build.0 = Debug|Any CPU
		{B0B4EC07-2D15-4836-8517-E155B904C7BD}.Release|Any CPU.ActiveCfg = Release|Any CPU
		{B0B4EC07-2D15-4836-8517-E155B904C7BD}.Release|Any CPU.Build.0 = Release|Any CPU
		{21D630D8-8107-439D-8533-84870F88DD35}.Debug|Any CPU.ActiveCfg = Debug|Any CPU
		{21D630D8-8107-439D-8533-84870F88DD35}.Debug|Any CPU.Build.0 = Debug|Any CPU
		{21D630D8-8107-439D-8533-84870F88DD35}.Release|Any CPU.ActiveCfg = Release|Any CPU
		{21D630D8-8107-439D-8533-84870F88DD35}.Release|Any CPU.Build.0 = Release|Any CPU
		{BCACAE63-7A2F-4A64-B0AF-441D5EE7CA9E}.Debug|Any CPU.ActiveCfg = Debug|Any CPU
		{BCACAE63-7A2F-4A64-B0AF-441D5EE7CA9E}.Debug|Any CPU.Build.0 = Debug|Any CPU
		{BCACAE63-7A2F-4A64-B0AF-441D5EE7CA9E}.Release|Any CPU.ActiveCfg = Release|Any CPU
		{BCACAE63-7A2F-4A64-B0AF-441D5EE7CA9E}.Release|Any CPU.Build.0 = Release|Any CPU
		{11FF9ACA-9F80-4BB0-B70B-D0C96534DF3B}.Debug|Any CPU.ActiveCfg = Debug|Any CPU
		{11FF9ACA-9F80-4BB0-B70B-D0C96534DF3B}.Debug|Any CPU.Build.0 = Debug|Any CPU
		{11FF9ACA-9F80-4BB0-B70B-D0C96534DF3B}.Release|Any CPU.ActiveCfg = Release|Any CPU
		{11FF9ACA-9F80-4BB0-B70B-D0C96534DF3B}.Release|Any CPU.Build.0 = Release|Any CPU
		{869D3DD3-4DB0-4FE7-B7AE-6A8D4A177265}.Debug|Any CPU.ActiveCfg = Debug|Any CPU
		{869D3DD3-4DB0-4FE7-B7AE-6A8D4A177265}.Debug|Any CPU.Build.0 = Debug|Any CPU
		{869D3DD3-4DB0-4FE7-B7AE-6A8D4A177265}.Release|Any CPU.ActiveCfg = Release|Any CPU
		{869D3DD3-4DB0-4FE7-B7AE-6A8D4A177265}.Release|Any CPU.Build.0 = Release|Any CPU
		{FA1C37EE-22EC-4E9D-8B0C-4AC54383284F}.Debug|Any CPU.ActiveCfg = Debug|Any CPU
		{FA1C37EE-22EC-4E9D-8B0C-4AC54383284F}.Debug|Any CPU.Build.0 = Debug|Any CPU
		{FA1C37EE-22EC-4E9D-8B0C-4AC54383284F}.Release|Any CPU.ActiveCfg = Release|Any CPU
		{FA1C37EE-22EC-4E9D-8B0C-4AC54383284F}.Release|Any CPU.Build.0 = Release|Any CPU
		{CE6E8151-1213-41C1-A42B-979E4F932521}.Debug|Any CPU.ActiveCfg = Debug|Any CPU
		{CE6E8151-1213-41C1-A42B-979E4F932521}.Debug|Any CPU.Build.0 = Debug|Any CPU
		{CE6E8151-1213-41C1-A42B-979E4F932521}.Release|Any CPU.ActiveCfg = Release|Any CPU
		{CE6E8151-1213-41C1-A42B-979E4F932521}.Release|Any CPU.Build.0 = Release|Any CPU
		{2E16C519-6238-43C4-B6B2-1E1F682F89F3}.Debug|Any CPU.ActiveCfg = Debug|Any CPU
		{2E16C519-6238-43C4-B6B2-1E1F682F89F3}.Debug|Any CPU.Build.0 = Debug|Any CPU
		{2E16C519-6238-43C4-B6B2-1E1F682F89F3}.Release|Any CPU.ActiveCfg = Release|Any CPU
		{2E16C519-6238-43C4-B6B2-1E1F682F89F3}.Release|Any CPU.Build.0 = Release|Any CPU
		{39310056-2DB6-40C4-AB32-05457A12D127}.Debug|Any CPU.ActiveCfg = Debug|Any CPU
		{39310056-2DB6-40C4-AB32-05457A12D127}.Debug|Any CPU.Build.0 = Debug|Any CPU
		{39310056-2DB6-40C4-AB32-05457A12D127}.Release|Any CPU.ActiveCfg = Release|Any CPU
		{39310056-2DB6-40C4-AB32-05457A12D127}.Release|Any CPU.Build.0 = Release|Any CPU
		{68CDEB27-B87C-44C0-96E9-952E2C91D547}.Debug|Any CPU.ActiveCfg = Debug|Any CPU
		{68CDEB27-B87C-44C0-96E9-952E2C91D547}.Debug|Any CPU.Build.0 = Debug|Any CPU
		{68CDEB27-B87C-44C0-96E9-952E2C91D547}.Release|Any CPU.ActiveCfg = Release|Any CPU
		{68CDEB27-B87C-44C0-96E9-952E2C91D547}.Release|Any CPU.Build.0 = Release|Any CPU
		{D87E0D1C-6FC3-4068-9228-F7ADFA6073C5}.Debug|Any CPU.ActiveCfg = Debug|Any CPU
		{D87E0D1C-6FC3-4068-9228-F7ADFA6073C5}.Debug|Any CPU.Build.0 = Debug|Any CPU
		{D87E0D1C-6FC3-4068-9228-F7ADFA6073C5}.Release|Any CPU.ActiveCfg = Release|Any CPU
		{D87E0D1C-6FC3-4068-9228-F7ADFA6073C5}.Release|Any CPU.Build.0 = Release|Any CPU
	EndGlobalSection
	GlobalSection(SolutionProperties) = preSolution
		HideSolutionNode = FALSE
	EndGlobalSection
	GlobalSection(NestedProjects) = preSolution
		{B0B4EC07-2D15-4836-8517-E155B904C7BD} = {E04A3D23-7FF0-4C30-8232-0B9987DCB200}
		{21D630D8-8107-439D-8533-84870F88DD35} = {3E385654-74CE-4F5F-B1CD-15783D3501F3}
		{BCACAE63-7A2F-4A64-B0AF-441D5EE7CA9E} = {3E385654-74CE-4F5F-B1CD-15783D3501F3}
		{11FF9ACA-9F80-4BB0-B70B-D0C96534DF3B} = {95CB3285-7B9F-465A-855E-37DB4435B114}
		{869D3DD3-4DB0-4FE7-B7AE-6A8D4A177265} = {175D9575-DC7A-4001-A9D8-F482E3B879DE}
		{FA1C37EE-22EC-4E9D-8B0C-4AC54383284F} = {175D9575-DC7A-4001-A9D8-F482E3B879DE}
		{CE6E8151-1213-41C1-A42B-979E4F932521} = {4BE44250-3484-4285-B65C-A9276AAE57B8}
		{2E16C519-6238-43C4-B6B2-1E1F682F89F3} = {4BE44250-3484-4285-B65C-A9276AAE57B8}
		{39310056-2DB6-40C4-AB32-05457A12D127} = {95CB3285-7B9F-465A-855E-37DB4435B114}
		{68CDEB27-B87C-44C0-96E9-952E2C91D547} = {4BE44250-3484-4285-B65C-A9276AAE57B8}
		{D87E0D1C-6FC3-4068-9228-F7ADFA6073C5} = {CD4F864B-B978-4802-BECA-F36032D3E3A1}
	EndGlobalSection
	GlobalSection(ExtensibilityGlobals) = postSolution
		SolutionGuid = {13DF6F06-007F-408B-8FA7-EB07D54B497A}
	EndGlobalSection
EndGlobal
